
Microsoft Visual Studio Solution File, Format Version 12.00
Project("{FAE04EC0-301F-11D3-BF4B-00C04F79EFBC}") = "HospitalDatabase", "HospitalDatabase\HospitalDatabase.csproj", "{591C7265-5AE0-469E-88FE-C402D69F5E86}"
EndProject
Project("{FAE04EC0-301F-11D3-BF4B-00C04F79EFBC}") = "HospitalManager", "HospitalManager\HospitalManager.csproj", "{A6288B3E-88DF-47BC-BE53-EB248ED594DC}"
EndProject
Global
	GlobalSection(SolutionConfigurationPlatforms) = preSolution
		Debug|Any CPU = Debug|Any CPU
		Release|Any CPU = Release|Any CPU
	EndGlobalSection
	GlobalSection(ProjectConfigurationPlatforms) = postSolution
		{591C7265-5AE0-469E-88FE-C402D69F5E86}.Debug|Any CPU.ActiveCfg = Debug|Any CPU
		{591C7265-5AE0-469E-88FE-C402D69F5E86}.Debug|Any CPU.Build.0 = Debug|Any CPU
		{591C7265-5AE0-469E-88FE-C402D69F5E86}.Release|Any CPU.ActiveCfg = Release|Any CPU
		{591C7265-5AE0-469E-88FE-C402D69F5E86}.Release|Any CPU.Build.0 = Release|Any CPU
		{A6288B3E-88DF-47BC-BE53-EB248ED594DC}.Debug|Any CPU.ActiveCfg = Debug|Any CPU
		{A6288B3E-88DF-47BC-BE53-EB248ED594DC}.Debug|Any CPU.Build.0 = Debug|Any CPU
		{A6288B3E-88DF-47BC-BE53-EB248ED594DC}.Release|Any CPU.ActiveCfg = Release|Any CPU
		{A6288B3E-88DF-47BC-BE53-EB248ED594DC}.Release|Any CPU.Build.0 = Release|Any CPU
	EndGlobalSection
EndGlobal
